# This file is automatically @generated by Cargo.
# It is not intended for manual editing.
version = 4

[[package]]
name = "pharos-api"
version = "0.1.0"
dependencies = [
 "pharos-fork-choice",
 "pharos-stf",
 "pharos-storage",
 "pharos-types",
 "pharos-utils",
]

[[package]]
name = "pharos-engine"
version = "0.1.0"
dependencies = [
 "pharos-types",
 "pharos-utils",
]

[[package]]
name = "pharos-fork-choice"
version = "0.1.0"
dependencies = [
 "pharos-types",
 "pharos-utils",
]

[[package]]
name = "pharos-network"
version = "0.1.0"
dependencies = [
 "pharos-ssz",
 "pharos-types",
 "pharos-utils",
]

[[package]]
name = "pharos-node"
version = "0.1.0"
dependencies = [
 "pharos-api",
 "pharos-engine",
 "pharos-fork-choice",
 "pharos-network",
 "pharos-ssz",
 "pharos-stf",
 "pharos-storage",
 "pharos-types",
 "pharos-utils",
]

[[package]]
name = "pharos-ssz"
version = "0.1.0"
dependencies = [
 "pharos-utils",
]

[[package]]
name = "pharos-stf"
version = "0.1.0"
dependencies = [
 "pharos-ssz",
 "pharos-types",
 "pharos-utils",
]

[[package]]
name = "pharos-storage"
version = "0.1.0"
dependencies = [
 "pharos-types",
 "pharos-utils",
]

[[package]]
name = "pharos-types"
version = "0.1.0"
dependencies = [
 "pharos-ssz",
 "pharos-utils",
]

[[package]]
name = "pharos-utils"
version = "0.1.0"

[[package]]
name = "pharos-validator"
version = "0.1.0"
dependencies = [
 "pharos-ssz",
 "pharos-types",
 "pharos-utils",
]
